
Microsoft Visual Studio Solution File, Format Version 12.00
# Visual Studio Version 16
VisualStudioVersion = 16.0.29201.188
MinimumVisualStudioVersion = 10.0.40219.1
Project("{FAE04EC0-301F-11D3-BF4B-00C04F79EFBC}") = "Fluxup", "Fluxup\Fluxup.csproj", "{84D949C6-E911-41A4-94BE-E94AC1270A6A}"
EndProject
Global
	GlobalSection(SolutionConfigurationPlatforms) = preSolution
		Debug|Any CPU = Debug|Any CPU
		Release|Any CPU = Release|Any CPU
	EndGlobalSection
	GlobalSection(ProjectConfigurationPlatforms) = postSolution
		{84D949C6-E911-41A4-94BE-E94AC1270A6A}.Debug|Any CPU.ActiveCfg = Debug|Any CPU
		{84D949C6-E911-41A4-94BE-E94AC1270A6A}.Debug|Any CPU.Build.0 = Debug|Any CPU
		{84D949C6-E911-41A4-94BE-E94AC1270A6A}.Release|Any CPU.ActiveCfg = Release|Any CPU
		{84D949C6-E911-41A4-94BE-E94AC1270A6A}.Release|Any CPU.Build.0 = Release|Any CPU
	EndGlobalSection
	GlobalSection(SolutionProperties) = preSolution
		HideSolutionNode = FALSE
	EndGlobalSection
	GlobalSection(ExtensibilityGlobals) = postSolution
		SolutionGuid = {870A90FF-10BB-485A-B218-EC4F01ECBA1F}
	EndGlobalSection
EndGlobal
