
Microsoft Visual Studio Solution File, Format Version 12.00
# Visual Studio Version 16
VisualStudioVersion = 16.0.29201.188
MinimumVisualStudioVersion = 10.0.40219.1
Project("{9A19103F-16F7-4668-BE54-9A1E7A4F7556}") = "Fluxup.Updater", "Fluxup\Fluxup.Updater.csproj", "{F6DBE23C-4CB2-4616-8295-3FAAFC92566A}"
EndProject
Global
	GlobalSection(SolutionConfigurationPlatforms) = preSolution
		Debug|Any CPU = Debug|Any CPU
		Release|Any CPU = Release|Any CPU
	EndGlobalSection
	GlobalSection(ProjectConfigurationPlatforms) = postSolution
		{F6DBE23C-4CB2-4616-8295-3FAAFC92566A}.Debug|Any CPU.ActiveCfg = Debug|Any CPU
		{F6DBE23C-4CB2-4616-8295-3FAAFC92566A}.Debug|Any CPU.Build.0 = Debug|Any CPU
		{F6DBE23C-4CB2-4616-8295-3FAAFC92566A}.Release|Any CPU.ActiveCfg = Release|Any CPU
		{F6DBE23C-4CB2-4616-8295-3FAAFC92566A}.Release|Any CPU.Build.0 = Release|Any CPU
	EndGlobalSection
	GlobalSection(SolutionProperties) = preSolution
		HideSolutionNode = FALSE
	EndGlobalSection
	GlobalSection(ExtensibilityGlobals) = postSolution
		SolutionGuid = {870A90FF-10BB-485A-B218-EC4F01ECBA1F}
	EndGlobalSection
EndGlobal
